
Microsoft Visual Studio Solution File, Format Version 12.00
# Visual Studio Version 16
VisualStudioVersion = 16.0.31005.135
MinimumVisualStudioVersion = 10.0.40219.1
Project("{FAE04EC0-301F-11D3-BF4B-00C04F79EFBC}") = "TestCosmosClient", "TestCosmosClient.csproj", "{C978F21F-7EF1-46C8-9759-21AF93C1E85D}"
EndProject
Global
	GlobalSection(SolutionConfigurationPlatforms) = preSolution
		Debug|Any CPU = Debug|Any CPU
		Release|Any CPU = Release|Any CPU
	EndGlobalSection
	GlobalSection(ProjectConfigurationPlatforms) = postSolution
		{C978F21F-7EF1-46C8-9759-21AF93C1E85D}.Debug|Any CPU.ActiveCfg = Debug|Any CPU
		{C978F21F-7EF1-46C8-9759-21AF93C1E85D}.Debug|Any CPU.Build.0 = Debug|Any CPU
		{C978F21F-7EF1-46C8-9759-21AF93C1E85D}.Release|Any CPU.ActiveCfg = Release|Any CPU
		{C978F21F-7EF1-46C8-9759-21AF93C1E85D}.Release|Any CPU.Build.0 = Release|Any CPU
	EndGlobalSection
	GlobalSection(SolutionProperties) = preSolution
		HideSolutionNode = FALSE
	EndGlobalSection
	GlobalSection(ExtensibilityGlobals) = postSolution
		SolutionGuid = {703B40AE-04DB-4DC9-A1B6-050FF3269A8B}
	EndGlobalSection
EndGlobal
